
Microsoft Visual Studio Solution File, Format Version 12.00
# Visual Studio Version 17
VisualStudioVersion = 17.14.36401.2 d17.14
MinimumVisualStudioVersion = 10.0.40219.1
Project("{FAE04EC0-301F-11D3-BF4B-00C04F79EFBC}") = "RadioButtonDemo", "RadioButtonDemo\RadioButtonDemo.csproj", "{C7D518AD-BB35-446C-837A-D0BA284E8B5B}"
EndProject
Global
	GlobalSection(SolutionConfigurationPlatforms) = preSolution
		Debug|Any CPU = Debug|Any CPU
		Release|Any CPU = Release|Any CPU
	EndGlobalSection
	GlobalSection(ProjectConfigurationPlatforms) = postSolution
		{C7D518AD-BB35-446C-837A-D0BA284E8B5B}.Debug|Any CPU.ActiveCfg = Debug|Any CPU
		{C7D518AD-BB35-446C-837A-D0BA284E8B5B}.Debug|Any CPU.Build.0 = Debug|Any CPU
		{C7D518AD-BB35-446C-837A-D0BA284E8B5B}.Release|Any CPU.ActiveCfg = Release|Any CPU
		{C7D518AD-BB35-446C-837A-D0BA284E8B5B}.Release|Any CPU.Build.0 = Release|Any CPU
	EndGlobalSection
	GlobalSection(SolutionProperties) = preSolution
		HideSolutionNode = FALSE
	EndGlobalSection
	GlobalSection(ExtensibilityGlobals) = postSolution
		SolutionGuid = {9FE4CFB5-5628-4581-85E4-AF5AEDD5BC5E}
	EndGlobalSection
EndGlobal
