
Microsoft Visual Studio Solution File, Format Version 12.00
# Visual Studio Version 17
VisualStudioVersion = 17.14.36401.2 d17.14
MinimumVisualStudioVersion = 10.0.40219.1
Project("{FAE04EC0-301F-11D3-BF4B-00C04F79EFBC}") = "Turorial_2_3", "Turorial_2_3\Turorial_2_3.csproj", "{7780991B-2CBA-4398-95F6-7405B81BFEEE}"
EndProject
Global
	GlobalSection(SolutionConfigurationPlatforms) = preSolution
		Debug|Any CPU = Debug|Any CPU
		Release|Any CPU = Release|Any CPU
	EndGlobalSection
	GlobalSection(ProjectConfigurationPlatforms) = postSolution
		{7780991B-2CBA-4398-95F6-7405B81BFEEE}.Debug|Any CPU.ActiveCfg = Debug|Any CPU
		{7780991B-2CBA-4398-95F6-7405B81BFEEE}.Debug|Any CPU.Build.0 = Debug|Any CPU
		{7780991B-2CBA-4398-95F6-7405B81BFEEE}.Release|Any CPU.ActiveCfg = Release|Any CPU
		{7780991B-2CBA-4398-95F6-7405B81BFEEE}.Release|Any CPU.Build.0 = Release|Any CPU
	EndGlobalSection
	GlobalSection(SolutionProperties) = preSolution
		HideSolutionNode = FALSE
	EndGlobalSection
	GlobalSection(ExtensibilityGlobals) = postSolution
		SolutionGuid = {9AE97E17-8BBD-4182-93F5-A79EC2497FCD}
	EndGlobalSection
EndGlobal
